
Microsoft Visual Studio Solution File, Format Version 12.00
# Visual Studio 2013
VisualStudioVersion = 12.0.21005.1
MinimumVisualStudioVersion = 10.0.40219.1
Project("{FAE04EC0-301F-11D3-BF4B-00C04F79EFBC}") = "PDS_Project_Common", "PDS_Project_Common\PDS_Project_Common.csproj", "{28831EFD-D38E-4CCD-A600-06175167B5E7}"
EndProject
Project("{FAE04EC0-301F-11D3-BF4B-00C04F79EFBC}") = "PDS_Project_Client", "PDS_Project_Client\PDS_Project_Client.csproj", "{243F5872-4BF3-45E5-9E2A-7F7DB0BFB2C0}"
	ProjectSection(ProjectDependencies) = postProject
		{28831EFD-D38E-4CCD-A600-06175167B5E7} = {28831EFD-D38E-4CCD-A600-06175167B5E7}
	EndProjectSection
EndProject
Project("{FAE04EC0-301F-11D3-BF4B-00C04F79EFBC}") = "PDS_Project_Server", "PDS_Project_Server\PDS_Project_Server.csproj", "{5EC612EF-2DDE-4A67-9B35-C72CEBC69A4B}"
	ProjectSection(ProjectDependencies) = postProject
		{28831EFD-D38E-4CCD-A600-06175167B5E7} = {28831EFD-D38E-4CCD-A600-06175167B5E7}
	EndProjectSection
EndProject
Global
	GlobalSection(SolutionConfigurationPlatforms) = preSolution
		Debug|Any CPU = Debug|Any CPU
		Release|Any CPU = Release|Any CPU
	EndGlobalSection
	GlobalSection(ProjectConfigurationPlatforms) = postSolution
		{28831EFD-D38E-4CCD-A600-06175167B5E7}.Debug|Any CPU.ActiveCfg = Debug|Any CPU
		{28831EFD-D38E-4CCD-A600-06175167B5E7}.Debug|Any CPU.Build.0 = Debug|Any CPU
		{28831EFD-D38E-4CCD-A600-06175167B5E7}.Release|Any CPU.ActiveCfg = Release|Any CPU
		{28831EFD-D38E-4CCD-A600-06175167B5E7}.Release|Any CPU.Build.0 = Release|Any CPU
		{243F5872-4BF3-45E5-9E2A-7F7DB0BFB2C0}.Debug|Any CPU.ActiveCfg = Debug|Any CPU
		{243F5872-4BF3-45E5-9E2A-7F7DB0BFB2C0}.Debug|Any CPU.Build.0 = Debug|Any CPU
		{243F5872-4BF3-45E5-9E2A-7F7DB0BFB2C0}.Release|Any CPU.ActiveCfg = Release|Any CPU
		{243F5872-4BF3-45E5-9E2A-7F7DB0BFB2C0}.Release|Any CPU.Build.0 = Release|Any CPU
		{5EC612EF-2DDE-4A67-9B35-C72CEBC69A4B}.Debug|Any CPU.ActiveCfg = Debug|Any CPU
		{5EC612EF-2DDE-4A67-9B35-C72CEBC69A4B}.Debug|Any CPU.Build.0 = Debug|Any CPU
		{5EC612EF-2DDE-4A67-9B35-C72CEBC69A4B}.Release|Any CPU.ActiveCfg = Release|Any CPU
		{5EC612EF-2DDE-4A67-9B35-C72CEBC69A4B}.Release|Any CPU.Build.0 = Release|Any CPU
	EndGlobalSection
	GlobalSection(SolutionProperties) = preSolution
		HideSolutionNode = FALSE
	EndGlobalSection
EndGlobal
